Microsoft Visual Studio Solution File, Format Version 11.00
# Visual Studio 2008

Project("{007B7B29-431F-F5DB-C4EB-32A313720E0F}") = "JonFPS", "Assembly-CSharp-firstpass-vs.csproj", "{BA877841-A5BC-8E1C-CAA6-12F6F06CF81A}"
EndProject
Project("{007B7B29-431F-F5DB-C4EB-32A313720E0F}") = "JonFPS", "Assembly-CSharp-vs.csproj", "{346366A8-3878-6AA7-3C76-A2E7A150E6A2}"
EndProject
Global
	GlobalSection(SolutionConfigurationPlatforms) = preSolution
		Debug|Any CPU = Debug|Any CPU
		Release|Any CPU = Release|Any CPU
	EndGlobalSection
	GlobalSection(ProjectConfigurationPlatforms) = postSolution
		{BA877841-A5BC-8E1C-CAA6-12F6F06CF81A}.Debug|Any CPU.ActiveCfg = Debug|Any CPU
		{BA877841-A5BC-8E1C-CAA6-12F6F06CF81A}.Debug|Any CPU.Build.0 = Debug|Any CPU
		{BA877841-A5BC-8E1C-CAA6-12F6F06CF81A}.Release|Any CPU.ActiveCfg = Release|Any CPU
		{BA877841-A5BC-8E1C-CAA6-12F6F06CF81A}.Release|Any CPU.Build.0 = Release|Any CPU
		{346366A8-3878-6AA7-3C76-A2E7A150E6A2}.Debug|Any CPU.ActiveCfg = Debug|Any CPU
		{346366A8-3878-6AA7-3C76-A2E7A150E6A2}.Debug|Any CPU.Build.0 = Debug|Any CPU
		{346366A8-3878-6AA7-3C76-A2E7A150E6A2}.Release|Any CPU.ActiveCfg = Release|Any CPU
		{346366A8-3878-6AA7-3C76-A2E7A150E6A2}.Release|Any CPU.Build.0 = Release|Any CPU
	EndGlobalSection
	GlobalSection(SolutionProperties) = preSolution
		HideSolutionNode = FALSE
	EndGlobalSection
																																																																																																																																																														GlobalSection(MonoDevelopProperties) = preSolution
		StartupItem = Assembly-CSharp.csproj
		Policies = $0
		$0.TextStylePolicy = $1
		$1.inheritsSet = null
		$1.scope = text/x-csharp
		$0.CSharpFormattingPolicy = $2
		$2.inheritsSet = Mono
		$2.inheritsScope = text/x-csharp
		$2.scope = text/x-csharp
		$0.TextStylePolicy = $3
		$3.FileWidth = 120
		$3.TabWidth = 4
		$3.IndentWidth = 4
		$3.EolMarker = Unix
		$3.inheritsSet = Mono
		$3.inheritsScope = text/plain
		$3.scope = text/plain
	EndGlobalSection

EndGlobal
